
Microsoft Visual Studio Solution File, Format Version 12.00
# Visual Studio Version 16
VisualStudioVersion = 16.0.29613.14
MinimumVisualStudioVersion = 10.0.40219.1
Project("{FAE04EC0-301F-11D3-BF4B-00C04F79EFBC}") = "ProAppModule2", "ProAppModule2.csproj", "{C2E4A145-CED7-4CB6-8484-0041D7D139CF}"
EndProject
Global
	GlobalSection(SolutionConfigurationPlatforms) = preSolution
		Debug|Any CPU = Debug|Any CPU
		Release|Any CPU = Release|Any CPU
	EndGlobalSection
	GlobalSection(ProjectConfigurationPlatforms) = postSolution
		{C2E4A145-CED7-4CB6-8484-0041D7D139CF}.Debug|Any CPU.ActiveCfg = Debug|Any CPU
		{C2E4A145-CED7-4CB6-8484-0041D7D139CF}.Debug|Any CPU.Build.0 = Debug|Any CPU
		{C2E4A145-CED7-4CB6-8484-0041D7D139CF}.Release|Any CPU.ActiveCfg = Release|Any CPU
		{C2E4A145-CED7-4CB6-8484-0041D7D139CF}.Release|Any CPU.Build.0 = Release|Any CPU
	EndGlobalSection
	GlobalSection(SolutionProperties) = preSolution
		HideSolutionNode = FALSE
	EndGlobalSection
	GlobalSection(ExtensibilityGlobals) = postSolution
		SolutionGuid = {03D5DF94-3796-43AD-8C0A-6A8DC84E49F3}
	EndGlobalSection
EndGlobal
